// !$*UTF8*$!
{
	archiveVersion = 1;
	classes = {
	};
	objectVersion = 46;
	objects = {

/* Begin PBXBuildFile section */
		4F4A8BE61A7FD837009F36FF /* SpriteKit.framework in Frameworks */ = {isa = PBXBuildFile; fileRef = 4F4A8BE51A7FD837009F36FF /* SpriteKit.framework */; };
		4F639ED91A89A8B700CB7153 /* map1.jpg in Resources */ = {isa = PBXBuildFile; fileRef = 4F639ED81A89A8B700CB7153 /* map1.jpg */; };
		4F7FD97A1A881DC200989CD0 /* WavesInformation.txt in Resources */ = {isa = PBXBuildFile; fileRef = 4F7FD9791A881DC200989CD0 /* WavesInformation.txt */; };
		4F7FD97E1A88416E00989CD0 /* creep2_down.atlas in Resources */ = {isa = PBXBuildFile; fileRef = 4F7FD97B1A88416E00989CD0 /* creep2_down.atlas */; };
		4F7FD97F1A88416E00989CD0 /* creep2_left.atlas in Resources */ = {isa = PBXBuildFile; fileRef = 4F7FD97C1A88416E00989CD0 /* creep2_left.atlas */; };
		4F7FD9801A88416E00989CD0 /* creep2_up.atlas in Resources */ = {isa = PBXBuildFile; fileRef = 4F7FD97D1A88416E00989CD0 /* creep2_up.atlas */; };
		4F9E910F1A7DA2EA0044962D /* main.m in Sources */ = {isa = PBXBuildFile; fileRef = 4F9E910E1A7DA2EA0044962D /* main.m */; };
		4F9E91121A7DA2EA0044962D /* AppDelegate.m in Sources */ = {isa = PBXBuildFile; fileRef = 4F9E91111A7DA2EA0044962D /* AppDelegate.m */; };
		4F9E91151A7DA2EA0044962D /* ViewController.m in Sources */ = {isa = PBXBuildFile; fileRef = 4F9E91141A7DA2EA0044962D /* ViewController.m */; };
		4F9E91181A7DA2EA0044962D /* Main.storyboard in Resources */ = {isa = PBXBuildFile; fileRef = 4F9E91161A7DA2EA0044962D /* Main.storyboard */; };
		4F9E911A1A7DA2EA0044962D /* Images.xcassets in Resources */ = {isa = PBXBuildFile; fileRef = 4F9E91191A7DA2EA0044962D /* Images.xcassets */; };
		4F9E911D1A7DA2EA0044962D /* LaunchScreen.xib in Resources */ = {isa = PBXBuildFile; fileRef = 4F9E911B1A7DA2EA0044962D /* LaunchScreen.xib */; };
		4F9E91291A7DA2EA0044962D /* ImmuniFenceTests.m in Sources */ = {isa = PBXBuildFile; fileRef = 4F9E91281A7DA2EA0044962D /* ImmuniFenceTests.m */; };
		4FB18BCE1A898B0900213E10 /* bullet_1.png in Resources */ = {isa = PBXBuildFile; fileRef = 4FB18BCD1A898B0900213E10 /* bullet_1.png */; };
		4FB18BCF1A898C3A00213E10 /* main_menu.jpg in Resources */ = {isa = PBXBuildFile; fileRef = 61FFD7491A893EEB001DE418 /* main_menu.jpg */; };
		4FB18BD11A898D5000213E10 /* health_hud.png in Resources */ = {isa = PBXBuildFile; fileRef = 4FB18BD01A898D5000213E10 /* health_hud.png */; };
		4FB18BD31A898D5B00213E10 /* coin_hud.png in Resources */ = {isa = PBXBuildFile; fileRef = 4FB18BD21A898D5B00213E10 /* coin_hud.png */; };
		4FB18BD61A8992D100213E10 /* youlosealert.png in Resources */ = {isa = PBXBuildFile; fileRef = 4FB18BD41A8992D100213E10 /* youlosealert.png */; };
		4FB18BD71A8992D100213E10 /* youwinalert.png in Resources */ = {isa = PBXBuildFile; fileRef = 4FB18BD51A8992D100213E10 /* youwinalert.png */; };
		4FB18BE11A89A14500213E10 /* tower2_icon.png in Resources */ = {isa = PBXBuildFile; fileRef = 4FB18BDE1A89A14500213E10 /* tower2_icon.png */; };
		4FB18BE21A89A14500213E10 /* tower3_icon.png in Resources */ = {isa = PBXBuildFile; fileRef = 4FB18BDF1A89A14500213E10 /* tower3_icon.png */; };
		4FB18BE31A89A14500213E10 /* tower4_icon.png in Resources */ = {isa = PBXBuildFile; fileRef = 4FB18BE01A89A14500213E10 /* tower4_icon.png */; };
		4FD6711F1A892F1E00D6922F /* tower1_down.atlas in Resources */ = {isa = PBXBuildFile; fileRef = 4FD6711E1A892F1E00D6922F /* tower1_down.atlas */; };
		4FD671211A892F8900D6922F /* tower2_down.atlas in Resources */ = {isa = PBXBuildFile; fileRef = 4FD671201A892F8900D6922F /* tower2_down.atlas */; };
		4FD671231A892FD200D6922F /* tower3_down.atlas in Resources */ = {isa = PBXBuildFile; fileRef = 4FD671221A892FD200D6922F /* tower3_down.atlas */; };
		4FD671251A89309500D6922F /* tower4_down.atlas in Resources */ = {isa = PBXBuildFile; fileRef = 4FD671241A89309500D6922F /* tower4_down.atlas */; };
		4FD798981A83A0FF003BA098 /* creep1_down.atlas in Resources */ = {isa = PBXBuildFile; fileRef = 4FD798951A83A0FF003BA098 /* creep1_down.atlas */; };
		4FD798991A83A0FF003BA098 /* creep1_left.atlas in Resources */ = {isa = PBXBuildFile; fileRef = 4FD798961A83A0FF003BA098 /* creep1_left.atlas */; };
		4FD7989A1A83A0FF003BA098 /* creep1_up.atlas in Resources */ = {isa = PBXBuildFile; fileRef = 4FD798971A83A0FF003BA098 /* creep1_up.atlas */; };
		4FE58F731A82B061005D4837 /* Creep.m in Sources */ = {isa = PBXBuildFile; fileRef = 4FE58F721A82B061005D4837 /* Creep.m */; };
		4FED282A1A87E6FB00175FB0 /* Level.m in Sources */ = {isa = PBXBuildFile; fileRef = 4F4A8BE81A7FD8A4009F36FF /* Level.m */; };
		4FED28321A87F33B00175FB0 /* launch_screen.jpg in Resources */ = {isa = PBXBuildFile; fileRef = 4FED28311A87F33B00175FB0 /* launch_screen.jpg */; };
		4FED28391A87F75300175FB0 /* map3.jpg in Resources */ = {isa = PBXBuildFile; fileRef = 4FED28381A87F75300175FB0 /* map3.jpg */; };
		6101CD0B1A86E7D5002C0D63 /* Tower.m in Sources */ = {isa = PBXBuildFile; fileRef = 6101CD0A1A86E7D5002C0D63 /* Tower.m */; };
		614100011A81C8700074EE9F /* LevelWave.m in Sources */ = {isa = PBXBuildFile; fileRef = 614100001A81C8700074EE9F /* LevelWave.m */; };
		6141FFFE1A81AAAB0074EE9F /* Terrain.m in Sources */ = {isa = PBXBuildFile; fileRef = 6141FFFD1A81AAAB0074EE9F /* Terrain.m */; };
		618382971A8252330055AA3C /* Player.m in Sources */ = {isa = PBXBuildFile; fileRef = 618382961A8252330055AA3C /* Player.m */; };
		61C533181A84E42700303BBD /* TerrainInformation.txt in Resources */ = {isa = PBXBuildFile; fileRef = 61C533171A84E42700303BBD /* TerrainInformation.txt */; };
		61E313131A8906E700150536 /* MainMenu.m in Sources */ = {isa = PBXBuildFile; fileRef = 61E313121A8906E700150536 /* MainMenu.m */; };
		61E313161A89071900150536 /* GameWin.m in Sources */ = {isa = PBXBuildFile; fileRef = 61E313151A89071900150536 /* GameWin.m */; };
		61E313191A89074000150536 /* GameOver.m in Sources */ = {isa = PBXBuildFile; fileRef = 61E313181A89074000150536 /* GameOver.m */; };
		61E3131C1A890E7C00150536 /* Drugstore.m in Sources */ = {isa = PBXBuildFile; fileRef = 61E3131B1A890E7C00150536 /* Drugstore.m */; };
		61E3131F1A890E8D00150536 /* Codex.m in Sources */ = {isa = PBXBuildFile; fileRef = 61E3131E1A890E8D00150536 /* Codex.m */; };
		61FFD7451A893032001DE418 /* codex2.png in Resources */ = {isa = PBXBuildFile; fileRef = 61FFD7401A893032001DE418 /* codex2.png */; };
		61FFD7461A893032001DE418 /* codex3.png in Resources */ = {isa = PBXBuildFile; fileRef = 61FFD7411A893032001DE418 /* codex3.png */; };
		61FFD74E1A894989001DE418 /* codex.png in Resources */ = {isa = PBXBuildFile; fileRef = 61FFD74B1A894989001DE418 /* codex.png */; };
		61FFD74F1A894989001DE418 /* codex4.png in Resources */ = {isa = PBXBuildFile; fileRef = 61FFD74C1A894989001DE418 /* codex4.png */; };
		61FFD7501A894989001DE418 /* codex5.png in Resources */ = {isa = PBXBuildFile; fileRef = 61FFD74D1A894989001DE418 /* codex5.png */; };
/* End PBXBuildFile section */

/* Begin PBXContainerItemProxy section */
		4F9E91231A7DA2EA0044962D /* PBXContainerItemProxy */ = {
			isa = PBXContainerItemProxy;
			containerPortal = 4F9E91011A7DA2EA0044962D /* Project object */;
			proxyType = 1;
			remoteGlobalIDString = 4F9E91081A7DA2EA0044962D;
			remoteInfo = ImmuniFence;
		};
/* End PBXContainerItemProxy section */

/* Begin PBXFileReference section */
		4F4A8BE51A7FD837009F36FF /* SpriteKit.framework */ = {isa = PBXFileReference; lastKnownFileType = wrapper.framework; name = SpriteKit.framework; path = System/Library/Frameworks/SpriteKit.framework; sourceTree = SDKROOT; };
		4F4A8BE71A7FD8A4009F36FF /* Level.h */ = {isa = PBXFileReference; fileEncoding = 4; lastKnownFileType = sourcecode.c.h; path = Level.h; sourceTree = "<group>"; };
		4F4A8BE81A7FD8A4009F36FF /* Level.m */ = {isa = PBXFileReference; fileEncoding = 4; lastKnownFileType = sourcecode.c.objc; path = Level.m; sourceTree = "<group>"; };
		4F639ED81A89A8B700CB7153 /* map1.jpg */ = {isa = PBXFileReference; lastKnownFileType = image.jpeg; path = map1.jpg; sourceTree = "<group>"; };
		4F7FD9791A881DC200989CD0 /* WavesInformation.txt */ = {isa = PBXFileReference; fileEncoding = 4; lastKnownFileType = text; name = WavesInformation.txt; path = ImmuniFence/WavesInformation.txt; sourceTree = "<group>"; };
		4F7FD97B1A88416E00989CD0 /* creep2_down.atlas */ = {isa = PBXFileReference; lastKnownFileType = folder.skatlas; path = creep2_down.atlas; sourceTree = "<group>"; };
		4F7FD97C1A88416E00989CD0 /* creep2_left.atlas */ = {isa = PBXFileReference; lastKnownFileType = folder.skatlas; path = creep2_left.atlas; sourceTree = "<group>"; };
		4F7FD97D1A88416E00989CD0 /* creep2_up.atlas */ = {isa = PBXFileReference; lastKnownFileType = folder.skatlas; path = creep2_up.atlas; sourceTree = "<group>"; };
		4F9E91091A7DA2EA0044962D /* ImmuniFense.app */ = {isa = PBXFileReference; explicitFileType = wrapper.application; includeInIndex = 0; path = ImmuniFense.app; sourceTree = BUILT_PRODUCTS_DIR; };
		4F9E910D1A7DA2EA0044962D /* Info.plist */ = {isa = PBXFileReference; lastKnownFileType = text.plist.xml; path = Info.plist; sourceTree = "<group>"; };
		4F9E910E1A7DA2EA0044962D /* main.m */ = {isa = PBXFileReference; lastKnownFileType = sourcecode.c.objc; path = main.m; sourceTree = "<group>"; };
		4F9E91101A7DA2EA0044962D /* AppDelegate.h */ = {isa = PBXFileReference; lastKnownFileType = sourcecode.c.h; path = AppDelegate.h; sourceTree = "<group>"; };
		4F9E91111A7DA2EA0044962D /* AppDelegate.m */ = {isa = PBXFileReference; lastKnownFileType = sourcecode.c.objc; path = AppDelegate.m; sourceTree = "<group>"; };
		4F9E91131A7DA2EA0044962D /* ViewController.h */ = {isa = PBXFileReference; lastKnownFileType = sourcecode.c.h; path = ViewController.h; sourceTree = "<group>"; };
		4F9E91141A7DA2EA0044962D /* ViewController.m */ = {isa = PBXFileReference; lastKnownFileType = sourcecode.c.objc; path = ViewController.m; sourceTree = "<group>"; };
		4F9E91171A7DA2EA0044962D /* Base */ = {isa = PBXFileReference; lastKnownFileType = file.storyboard; name = Base; path = Base.lproj/Main.storyboard; sourceTree = "<group>"; };
		4F9E91191A7DA2EA0044962D /* Images.xcassets */ = {isa = PBXFileReference; lastKnownFileType = folder.assetcatalog; path = Images.xcassets; sourceTree = "<group>"; };
		4F9E911C1A7DA2EA0044962D /* Base */ = {isa = PBXFileReference; lastKnownFileType = file.xib; name = Base; path = Base.lproj/LaunchScreen.xib; sourceTree = "<group>"; };
		4F9E91221A7DA2EA0044962D /* ImmuniFenseTests.xctest */ = {isa = PBXFileReference; explicitFileType = wrapper.cfbundle; includeInIndex = 0; path = ImmuniFenseTests.xctest; sourceTree = BUILT_PRODUCTS_DIR; };
		4F9E91271A7DA2EA0044962D /* Info.plist */ = {isa = PBXFileReference; lastKnownFileType = text.plist.xml; path = Info.plist; sourceTree = "<group>"; };
		4F9E91281A7DA2EA0044962D /* ImmuniFenceTests.m */ = {isa = PBXFileReference; lastKnownFileType = sourcecode.c.objc; path = ImmuniFenceTests.m; sourceTree = "<group>"; };
		4FB18BCD1A898B0900213E10 /* bullet_1.png */ = {isa = PBXFileReference; lastKnownFileType = image.png; path = bullet_1.png; sourceTree = "<group>"; };
		4FB18BD01A898D5000213E10 /* health_hud.png */ = {isa = PBXFileReference; lastKnownFileType = image.png; path = health_hud.png; sourceTree = "<group>"; };
		4FB18BD21A898D5B00213E10 /* coin_hud.png */ = {isa = PBXFileReference; lastKnownFileType = image.png; path = coin_hud.png; sourceTree = "<group>"; };
		4FB18BD41A8992D100213E10 /* youlosealert.png */ = {isa = PBXFileReference; lastKnownFileType = image.png; path = youlosealert.png; sourceTree = "<group>"; };
		4FB18BD51A8992D100213E10 /* youwinalert.png */ = {isa = PBXFileReference; lastKnownFileType = image.png; path = youwinalert.png; sourceTree = "<group>"; };
		4FB18BDE1A89A14500213E10 /* tower2_icon.png */ = {isa = PBXFileReference; lastKnownFileType = image.png; path = tower2_icon.png; sourceTree = "<group>"; };
		4FB18BDF1A89A14500213E10 /* tower3_icon.png */ = {isa = PBXFileReference; lastKnownFileType = image.png; path = tower3_icon.png; sourceTree = "<group>"; };
		4FB18BE01A89A14500213E10 /* tower4_icon.png */ = {isa = PBXFileReference; lastKnownFileType = image.png; path = tower4_icon.png; sourceTree = "<group>"; };
		4FD6711E1A892F1E00D6922F /* tower1_down.atlas */ = {isa = PBXFileReference; lastKnownFileType = folder.skatlas; path = tower1_down.atlas; sourceTree = "<group>"; };
		4FD671201A892F8900D6922F /* tower2_down.atlas */ = {isa = PBXFileReference; lastKnownFileType = folder.skatlas; path = tower2_down.atlas; sourceTree = "<group>"; };
		4FD671221A892FD200D6922F /* tower3_down.atlas */ = {isa = PBXFileReference; lastKnownFileType = folder.skatlas; path = tower3_down.atlas; sourceTree = "<group>"; };
		4FD671241A89309500D6922F /* tower4_down.atlas */ = {isa = PBXFileReference; lastKnownFileType = folder.skatlas; path = tower4_down.atlas; sourceTree = "<group>"; };
		4FD798951A83A0FF003BA098 /* creep1_down.atlas */ = {isa = PBXFileReference; lastKnownFileType = folder.skatlas; path = creep1_down.atlas; sourceTree = "<group>"; };
		4FD798961A83A0FF003BA098 /* creep1_left.atlas */ = {isa = PBXFileReference; lastKnownFileType = folder.skatlas; path = creep1_left.atlas; sourceTree = "<group>"; };
		4FD798971A83A0FF003BA098 /* creep1_up.atlas */ = {isa = PBXFileReference; lastKnownFileType = folder.skatlas; path = creep1_up.atlas; sourceTree = "<group>"; };
		4FE58F711A82B061005D4837 /* Creep.h */ = {isa = PBXFileReference; fileEncoding = 4; lastKnownFileType = sourcecode.c.h; path = Creep.h; sourceTree = "<group>"; };
		4FE58F721A82B061005D4837 /* Creep.m */ = {isa = PBXFileReference; fileEncoding = 4; lastKnownFileType = sourcecode.c.objc; path = Creep.m; sourceTree = "<group>"; };
		4FED28261A87E5FC00175FB0 /* TowerTypes.h */ = {isa = PBXFileReference; fileEncoding = 4; lastKnownFileType = sourcecode.c.h; path = TowerTypes.h; sourceTree = "<group>"; };
		4FED28311A87F33B00175FB0 /* launch_screen.jpg */ = {isa = PBXFileReference; lastKnownFileType = image.jpeg; path = launch_screen.jpg; sourceTree = "<group>"; };
		4FED28381A87F75300175FB0 /* map3.jpg */ = {isa = PBXFileReference; lastKnownFileType = image.jpeg; path = map3.jpg; sourceTree = "<group>"; };
		4FEF66AC1A853B6500DC8A73 /* LevelNames.h */ = {isa = PBXFileReference; lastKnownFileType = sourcecode.c.h; path = LevelNames.h; sourceTree = "<group>"; };
		4FEF66AD1A853BA300DC8A73 /* CreepTypes.h */ = {isa = PBXFileReference; lastKnownFileType = sourcecode.c.h; path = CreepTypes.h; sourceTree = "<group>"; };
		6101CD091A86E7D5002C0D63 /* Tower.h */ = {isa = PBXFileReference; fileEncoding = 4; lastKnownFileType = sourcecode.c.h; path = Tower.h; sourceTree = "<group>"; };
		6101CD0A1A86E7D5002C0D63 /* Tower.m */ = {isa = PBXFileReference; fileEncoding = 4; lastKnownFileType = sourcecode.c.objc; path = Tower.m; sourceTree = "<group>"; };
		614100001A81C8700074EE9F /* LevelWave.m */ = {isa = PBXFileReference; fileEncoding = 4; lastKnownFileType = sourcecode.c.objc; path = LevelWave.m; sourceTree = "<group>"; };
		6141FFFC1A81AAAB0074EE9F /* Terrain.h */ = {isa = PBXFileReference; fileEncoding = 4; lastKnownFileType = sourcecode.c.h; path = Terrain.h; sourceTree = "<group>"; };
		6141FFFD1A81AAAB0074EE9F /* Terrain.m */ = {isa = PBXFileReference; fileEncoding = 4; lastKnownFileType = sourcecode.c.objc; path = Terrain.m; sourceTree = "<group>"; };
		6141FFFF1A81C8700074EE9F /* LevelWave.h */ = {isa = PBXFileReference; fileEncoding = 4; lastKnownFileType = sourcecode.c.h; path = LevelWave.h; sourceTree = "<group>"; };
		61776EE81A86E8E60077B895 /* BitMasks.h */ = {isa = PBXFileReference; fileEncoding = 4; lastKnownFileType = sourcecode.c.h; path = BitMasks.h; sourceTree = "<group>"; };
		618382951A8252330055AA3C /* Player.h */ = {isa = PBXFileReference; fileEncoding = 4; lastKnownFileType = sourcecode.c.h; path = Player.h; sourceTree = "<group>"; };
		618382961A8252330055AA3C /* Player.m */ = {isa = PBXFileReference; fileEncoding = 4; lastKnownFileType = sourcecode.c.objc; path = Player.m; sourceTree = "<group>"; };
		61C533171A84E42700303BBD /* TerrainInformation.txt */ = {isa = PBXFileReference; fileEncoding = 4; lastKnownFileType = text; name = TerrainInformation.txt; path = ImmuniFence/TerrainInformation.txt; sourceTree = "<group>"; };
		61E313111A8906E700150536 /* MainMenu.h */ = {isa = PBXFileReference; fileEncoding = 4; lastKnownFileType = sourcecode.c.h; name = MainMenu.h; path = ../MainMenu.h; sourceTree = "<group>"; };
		61E313121A8906E700150536 /* MainMenu.m */ = {isa = PBXFileReference; fileEncoding = 4; lastKnownFileType = sourcecode.c.objc; name = MainMenu.m; path = ../MainMenu.m; sourceTree = "<group>"; };
		61E313141A89071900150536 /* GameWin.h */ = {isa = PBXFileReference; fileEncoding = 4; lastKnownFileType = sourcecode.c.h; path = GameWin.h; sourceTree = "<group>"; };
		61E313151A89071900150536 /* GameWin.m */ = {isa = PBXFileReference; fileEncoding = 4; lastKnownFileType = sourcecode.c.objc; path = GameWin.m; sourceTree = "<group>"; };
		61E313171A89074000150536 /* GameOver.h */ = {isa = PBXFileReference; fileEncoding = 4; lastKnownFileType = sourcecode.c.h; name = GameOver.h; path = ../GameOver.h; sourceTree = "<group>"; };
		61E313181A89074000150536 /* GameOver.m */ = {isa = PBXFileReference; fileEncoding = 4; lastKnownFileType = sourcecode.c.objc; name = GameOver.m; path = ../GameOver.m; sourceTree = "<group>"; };
		61E3131A1A890E7C00150536 /* Drugstore.h */ = {isa = PBXFileReference; fileEncoding = 4; lastKnownFileType = sourcecode.c.h; name = Drugstore.h; path = ../Drugstore.h; sourceTree = "<group>"; };
		61E3131B1A890E7C00150536 /* Drugstore.m */ = {isa = PBXFileReference; fileEncoding = 4; lastKnownFileType = sourcecode.c.objc; name = Drugstore.m; path = ../Drugstore.m; sourceTree = "<group>"; };
		61E3131D1A890E8D00150536 /* Codex.h */ = {isa = PBXFileReference; fileEncoding = 4; lastKnownFileType = sourcecode.c.h; name = Codex.h; path = ../Codex.h; sourceTree = "<group>"; };
		61E3131E1A890E8D00150536 /* Codex.m */ = {isa = PBXFileReference; fileEncoding = 4; lastKnownFileType = sourcecode.c.objc; name = Codex.m; path = ../Codex.m; sourceTree = "<group>"; };
		61FFD7401A893032001DE418 /* codex2.png */ = {isa = PBXFileReference; lastKnownFileType = image.png; path = codex2.png; sourceTree = "<group>"; };
		61FFD7411A893032001DE418 /* codex3.png */ = {isa = PBXFileReference; lastKnownFileType = image.png; path = codex3.png; sourceTree = "<group>"; };
		61FFD7491A893EEB001DE418 /* main_menu.jpg */ = {isa = PBXFileReference; lastKnownFileType = image.jpeg; path = main_menu.jpg; sourceTree = "<group>"; };
		61FFD74B1A894989001DE418 /* codex.png */ = {isa = PBXFileReference; lastKnownFileType = image.png; path = codex.png; sourceTree = "<group>"; };
		61FFD74C1A894989001DE418 /* codex4.png */ = {isa = PBXFileReference; lastKnownFileType = image.png; path = codex4.png; sourceTree = "<group>"; };
		61FFD74D1A894989001DE418 /* codex5.png */ = {isa = PBXFileReference; lastKnownFileType = image.png; path = codex5.png; sourceTree = "<group>"; };
/* End PBXFileReference section */

/* Begin PBXFrameworksBuildPhase section */
		4F9E91061A7DA2EA0044962D /* Frameworks */ = {
			isa = PBXFrameworksBuildPhase;
			buildActionMask = 2147483647;
			files = (
				4F4A8BE61A7FD837009F36FF /* SpriteKit.framework in Frameworks */,
			);
			runOnlyForDeploymentPostprocessing = 0;
		};
		4F9E911F1A7DA2EA0044962D /* Frameworks */ = {
			isa = PBXFrameworksBuildPhase;
			buildActionMask = 2147483647;
			files = (
			);
			runOnlyForDeploymentPostprocessing = 0;
		};
/* End PBXFrameworksBuildPhase section */

/* Begin PBXGroup section */
		4F9E91001A7DA2EA0044962D = {
			isa = PBXGroup;
			children = (
				4F7FD9791A881DC200989CD0 /* WavesInformation.txt */,
				61C533171A84E42700303BBD /* TerrainInformation.txt */,
				4F4A8BE51A7FD837009F36FF /* SpriteKit.framework */,
				4F9E910B1A7DA2EA0044962D /* ImmuniFense */,
				4F9E91251A7DA2EA0044962D /* ImmuniFenseTests */,
				4F9E910A1A7DA2EA0044962D /* Products */,
			);
			sourceTree = "<group>";
		};
		4F9E910A1A7DA2EA0044962D /* Products */ = {
			isa = PBXGroup;
			children = (
				4F9E91091A7DA2EA0044962D /* ImmuniFense.app */,
				4F9E91221A7DA2EA0044962D /* ImmuniFenseTests.xctest */,
			);
			name = Products;
			sourceTree = "<group>";
		};
		4F9E910B1A7DA2EA0044962D /* ImmuniFense */ = {
			isa = PBXGroup;
			children = (
				4F4A8BE71A7FD8A4009F36FF /* Level.h */,
				4F4A8BE81A7FD8A4009F36FF /* Level.m */,
				4FE58F711A82B061005D4837 /* Creep.h */,
				4FE58F721A82B061005D4837 /* Creep.m */,
				618382951A8252330055AA3C /* Player.h */,
				618382961A8252330055AA3C /* Player.m */,
				6141FFFC1A81AAAB0074EE9F /* Terrain.h */,
				6141FFFD1A81AAAB0074EE9F /* Terrain.m */,
				6141FFFF1A81C8700074EE9F /* LevelWave.h */,
				614100001A81C8700074EE9F /* LevelWave.m */,
				6101CD091A86E7D5002C0D63 /* Tower.h */,
				6101CD0A1A86E7D5002C0D63 /* Tower.m */,
				4FEF66AE1A853BD200DC8A73 /* Definitions */,
				4F9E910C1A7DA2EA0044962D /* Supporting Files */,
			);
			name = ImmuniFense;
			path = ImmuniFence;
			sourceTree = "<group>";
		};
		4F9E910C1A7DA2EA0044962D /* Supporting Files */ = {
			isa = PBXGroup;
			children = (
				4FED28331A87F68500175FB0 /* Images */,
				4F9E91101A7DA2EA0044962D /* AppDelegate.h */,
				4F9E91111A7DA2EA0044962D /* AppDelegate.m */,
				4F9E91131A7DA2EA0044962D /* ViewController.h */,
				4F9E91141A7DA2EA0044962D /* ViewController.m */,
				61E313171A89074000150536 /* GameOver.h */,
				61E313181A89074000150536 /* GameOver.m */,
				61E313111A8906E700150536 /* MainMenu.h */,
				61E313121A8906E700150536 /* MainMenu.m */,
				61E313141A89071900150536 /* GameWin.h */,
				61E313151A89071900150536 /* GameWin.m */,
				61E3131D1A890E8D00150536 /* Codex.h */,
				61E3131E1A890E8D00150536 /* Codex.m */,
				61E3131A1A890E7C00150536 /* Drugstore.h */,
				61E3131B1A890E7C00150536 /* Drugstore.m */,
				4F9E91161A7DA2EA0044962D /* Main.storyboard */,
				4F9E91191A7DA2EA0044962D /* Images.xcassets */,
				4F9E911B1A7DA2EA0044962D /* LaunchScreen.xib */,
				4F9E910D1A7DA2EA0044962D /* Info.plist */,
				4F9E910E1A7DA2EA0044962D /* main.m */,
				4FE58F7C1A82B320005D4837 /* Atlas */,
			);
			name = "Supporting Files";
			sourceTree = "<group>";
		};
		4F9E91251A7DA2EA0044962D /* ImmuniFenseTests */ = {
			isa = PBXGroup;
			children = (
				4F9E91281A7DA2EA0044962D /* ImmuniFenceTests.m */,
				4F9E91261A7DA2EA0044962D /* Supporting Files */,
			);
			name = ImmuniFenseTests;
			path = ImmuniFenceTests;
			sourceTree = "<group>";
		};
		4F9E91261A7DA2EA0044962D /* Supporting Files */ = {
			isa = PBXGroup;
			children = (
				4F9E91271A7DA2EA0044962D /* Info.plist */,
			);
			name = "Supporting Files";
			sourceTree = "<group>";
		};
		4FE58F7C1A82B320005D4837 /* Atlas */ = {
			isa = PBXGroup;
			children = (
				4FD671241A89309500D6922F /* tower4_down.atlas */,
				4FD671221A892FD200D6922F /* tower3_down.atlas */,
				4FD671201A892F8900D6922F /* tower2_down.atlas */,
				4FD6711E1A892F1E00D6922F /* tower1_down.atlas */,
				4FD798951A83A0FF003BA098 /* creep1_down.atlas */,
				4FD798961A83A0FF003BA098 /* creep1_left.atlas */,
				4FD798971A83A0FF003BA098 /* creep1_up.atlas */,
				4F7FD97B1A88416E00989CD0 /* creep2_down.atlas */,
				4F7FD97C1A88416E00989CD0 /* creep2_left.atlas */,
				4F7FD97D1A88416E00989CD0 /* creep2_up.atlas */,
			);
			name = Atlas;
			sourceTree = "<group>";
		};
		4FED28331A87F68500175FB0 /* Images */ = {
			isa = PBXGroup;
			children = (
				4FB18BDE1A89A14500213E10 /* tower2_icon.png */,
				4F639ED81A89A8B700CB7153 /* map1.jpg */,
				4FB18BDF1A89A14500213E10 /* tower3_icon.png */,
				4FB18BE01A89A14500213E10 /* tower4_icon.png */,
				4FB18BD41A8992D100213E10 /* youlosealert.png */,
				4FB18BD51A8992D100213E10 /* youwinalert.png */,
				61FFD74B1A894989001DE418 /* codex.png */,
				4FB18BCD1A898B0900213E10 /* bullet_1.png */,
				4FB18BD01A898D5000213E10 /* health_hud.png */,
				4FB18BD21A898D5B00213E10 /* coin_hud.png */,
				61FFD74C1A894989001DE418 /* codex4.png */,
				61FFD74D1A894989001DE418 /* codex5.png */,
				61FFD7491A893EEB001DE418 /* main_menu.jpg */,
				61FFD7401A893032001DE418 /* codex2.png */,
				61FFD7411A893032001DE418 /* codex3.png */,
				4FED28381A87F75300175FB0 /* map3.jpg */,
				4FED28311A87F33B00175FB0 /* launch_screen.jpg */,
			);
			name = Images;
			sourceTree = "<group>";
		};
		4FEF66AE1A853BD200DC8A73 /* Definitions */ = {
			isa = PBXGroup;
			children = (
				61776EE81A86E8E60077B895 /* BitMasks.h */,
				4FEF66AD1A853BA300DC8A73 /* CreepTypes.h */,
				4FED28261A87E5FC00175FB0 /* TowerTypes.h */,
				4FEF66AC1A853B6500DC8A73 /* LevelNames.h */,
			);
			name = Definitions;
			sourceTree = "<group>";
		};
/* End PBXGroup section */

/* Begin PBXNativeTarget section */
		4F9E91081A7DA2EA0044962D /* ImmuniFense */ = {
			isa = PBXNativeTarget;
			buildConfigurationList = 4F9E912C1A7DA2EA0044962D /* Build configuration list for PBXNativeTarget "ImmuniFense" */;
			buildPhases = (
				4F9E91051A7DA2EA0044962D /* Sources */,
				4F9E91061A7DA2EA0044962D /* Frameworks */,
				4F9E91071A7DA2EA0044962D /* Resources */,
			);
			buildRules = (
			);
			dependencies = (
			);
			name = ImmuniFense;
			productName = ImmuniFence;
			productReference = 4F9E91091A7DA2EA0044962D /* ImmuniFense.app */;
			productType = "com.apple.product-type.application";
		};
		4F9E91211A7DA2EA0044962D /* ImmuniFenseTests */ = {
			isa = PBXNativeTarget;
			buildConfigurationList = 4F9E912F1A7DA2EA0044962D /* Build configuration list for PBXNativeTarget "ImmuniFenseTests" */;
			buildPhases = (
				4F9E911E1A7DA2EA0044962D /* Sources */,
				4F9E911F1A7DA2EA0044962D /* Frameworks */,
				4F9E91201A7DA2EA0044962D /* Resources */,
			);
			buildRules = (
			);
			dependencies = (
				4F9E91241A7DA2EA0044962D /* PBXTargetDependency */,
			);
			name = ImmuniFenseTests;
			productName = ImmuniFenceTests;
			productReference = 4F9E91221A7DA2EA0044962D /* ImmuniFenseTests.xctest */;
			productType = "com.apple.product-type.bundle.unit-test";
		};
/* End PBXNativeTarget section */

/* Begin PBXProject section */
		4F9E91011A7DA2EA0044962D /* Project object */ = {
			isa = PBXProject;
			attributes = {
				LastUpgradeCheck = 0610;
				ORGANIZATIONNAME = "Group 9";
				TargetAttributes = {
					4F9E91081A7DA2EA0044962D = {
						CreatedOnToolsVersion = 6.1.1;
						DevelopmentTeam = D4QEWF5RB3;
					};
					4F9E91211A7DA2EA0044962D = {
						CreatedOnToolsVersion = 6.1.1;
						TestTargetID = 4F9E91081A7DA2EA0044962D;
					};
				};
			};
			buildConfigurationList = 4F9E91041A7DA2EA0044962D /* Build configuration list for PBXProject "ImmuniFense" */;
			compatibilityVersion = "Xcode 3.2";
			developmentRegion = English;
			hasScannedForEncodings = 0;
			knownRegions = (
				en,
				Base,
			);
			mainGroup = 4F9E91001A7DA2EA0044962D;
			productRefGroup = 4F9E910A1A7DA2EA0044962D /* Products */;
			projectDirPath = "";
			projectRoot = "";
			targets = (
				4F9E91081A7DA2EA0044962D /* ImmuniFense */,
				4F9E91211A7DA2EA0044962D /* ImmuniFenseTests */,
			);
		};
/* End PBXProject section */

/* Begin PBXResourcesBuildPhase section */
		4F9E91071A7DA2EA0044962D /* Resources */ = {
			isa = PBXResourcesBuildPhase;
			buildActionMask = 2147483647;
			files = (
				4FB18BCF1A898C3A00213E10 /* main_menu.jpg in Resources */,
				61FFD74F1A894989001DE418 /* codex4.png in Resources */,
				4FD7989A1A83A0FF003BA098 /* creep1_up.atlas in Resources */,
				4F9E91181A7DA2EA0044962D /* Main.storyboard in Resources */,
				4FD671251A89309500D6922F /* tower4_down.atlas in Resources */,
				4FB18BD71A8992D100213E10 /* youwinalert.png in Resources */,
				4F9E911D1A7DA2EA0044962D /* LaunchScreen.xib in Resources */,
				4F639ED91A89A8B700CB7153 /* map1.jpg in Resources */,
				4F7FD97A1A881DC200989CD0 /* WavesInformation.txt in Resources */,
				4F7FD9801A88416E00989CD0 /* creep2_up.atlas in Resources */,
				4FB18BD61A8992D100213E10 /* youlosealert.png in Resources */,
				61FFD7451A893032001DE418 /* codex2.png in Resources */,
				4FB18BD31A898D5B00213E10 /* coin_hud.png in Resources */,
				61FFD7461A893032001DE418 /* codex3.png in Resources */,
				61FFD74E1A894989001DE418 /* codex.png in Resources */,
				4FED28321A87F33B00175FB0 /* launch_screen.jpg in Resources */,
				4FD671211A892F8900D6922F /* tower2_down.atlas in Resources */,
				61C533181A84E42700303BBD /* TerrainInformation.txt in Resources */,
				61FFD7501A894989001DE418 /* codex5.png in Resources */,
				4FB18BE11A89A14500213E10 /* tower2_icon.png in Resources */,
				4F9E911A1A7DA2EA0044962D /* Images.xcassets in Resources */,
				4F7FD97E1A88416E00989CD0 /* creep2_down.atlas in Resources */,
				4FB18BE31A89A14500213E10 /* tower4_icon.png in Resources */,
				4FD798981A83A0FF003BA098 /* creep1_down.atlas in Resources */,
				4FED28391A87F75300175FB0 /* map3.jpg in Resources */,
				4F7FD97F1A88416E00989CD0 /* creep2_left.atlas in Resources */,
				4FB18BE21A89A14500213E10 /* tower3_icon.png in Resources */,
				4FB18BD11A898D5000213E10 /* health_hud.png in Resources */,
				4FD671231A892FD200D6922F /* tower3_down.atlas in Resources */,
				4FB18BCE1A898B0900213E10 /* bullet_1.png in Resources */,
				4FD6711F1A892F1E00D6922F /* tower1_down.atlas in Resources */,
				4FD798991A83A0FF003BA098 /* creep1_left.atlas in Resources */,
			);
			runOnlyForDeploymentPostprocessing = 0;
		};
		4F9E91201A7DA2EA0044962D /* Resources */ = {
			isa = PBXResourcesBuildPhase;
			buildActionMask = 2147483647;
			files = (
			);
			runOnlyForDeploymentPostprocessing = 0;
		};
/* End PBXResourcesBuildPhase section */

/* Begin PBXSourcesBuildPhase section */
		4F9E91051A7DA2EA0044962D /* Sources */ = {
			isa = PBXSourcesBuildPhase;
			buildActionMask = 2147483647;
			files = (
				4FED282A1A87E6FB00175FB0 /* Level.m in Sources */,
				6141FFFE1A81AAAB0074EE9F /* Terrain.m in Sources */,
				61E3131C1A890E7C00150536 /* Drugstore.m in Sources */,
				4F9E91151A7DA2EA0044962D /* ViewController.m in Sources */,
				4FE58F731A82B061005D4837 /* Creep.m in Sources */,
				6101CD0B1A86E7D5002C0D63 /* Tower.m in Sources */,
				61E313191A89074000150536 /* GameOver.m in Sources */,
				4F9E91121A7DA2EA0044962D /* AppDelegate.m in Sources */,
				614100011A81C8700074EE9F /* LevelWave.m in Sources */,
				618382971A8252330055AA3C /* Player.m in Sources */,
				4F9E910F1A7DA2EA0044962D /* main.m in Sources */,
				61E313161A89071900150536 /* GameWin.m in Sources */,
				61E313131A8906E700150536 /* MainMenu.m in Sources */,
				61E3131F1A890E8D00150536 /* Codex.m in Sources */,
			);
			runOnlyForDeploymentPostprocessing = 0;
		};
		4F9E911E1A7DA2EA0044962D /* Sources */ = {
			isa = PBXSourcesBuildPhase;
			buildActionMask = 2147483647;
			files = (
				4F9E91291A7DA2EA0044962D /* ImmuniFenceTests.m in Sources */,
			);
			runOnlyForDeploymentPostprocessing = 0;
		};
/* End PBXSourcesBuildPhase section */

/* Begin PBXTargetDependency section */
		4F9E91241A7DA2EA0044962D /* PBXTargetDependency */ = {
			isa = PBXTargetDependency;
			target = 4F9E91081A7DA2EA0044962D /* ImmuniFense */;
			targetProxy = 4F9E91231A7DA2EA0044962D /* PBXContainerItemProxy */;
		};
/* End PBXTargetDependency section */

/* Begin PBXVariantGroup section */
		4F9E91161A7DA2EA0044962D /* Main.storyboard */ = {
			isa = PBXVariantGroup;
			children = (
				4F9E91171A7DA2EA0044962D /* Base */,
			);
			name = Main.storyboard;
			sourceTree = "<group>";
		};
		4F9E911B1A7DA2EA0044962D /* LaunchScreen.xib */ = {
			isa = PBXVariantGroup;
			children = (
				4F9E911C1A7DA2EA0044962D /* Base */,
			);
			name = LaunchScreen.xib;
			sourceTree = "<group>";
		};
/* End PBXVariantGroup section */

/* Begin XCBuildConfiguration section */
		4F9E912A1A7DA2EA0044962D /* Debug */ = {
			isa = XCBuildConfiguration;
			buildSettings = {
				ALWAYS_SEARCH_USER_PATHS = NO;
				CLANG_CXX_LANGUAGE_STANDARD = "gnu++0x";
				CLANG_CXX_LIBRARY = "libc++";
				CLANG_ENABLE_MODULES = YES;
				CLANG_ENABLE_OBJC_ARC = YES;
				CLANG_WARN_BOOL_CONVERSION = YES;
				CLANG_WARN_CONSTANT_CONVERSION = YES;
				CLANG_WARN_DIRECT_OBJC_ISA_USAGE = YES_ERROR;
				CLANG_WARN_EMPTY_BODY = YES;
				CLANG_WARN_ENUM_CONVERSION = YES;
				CLANG_WARN_INT_CONVERSION = YES;
				CLANG_WARN_OBJC_ROOT_CLASS = YES_ERROR;
				CLANG_WARN_UNREACHABLE_CODE = YES;
				CLANG_WARN__DUPLICATE_METHOD_MATCH = YES;
				"CODE_SIGN_IDENTITY[sdk=iphoneos*]" = "iPhone Developer";
				COPY_PHASE_STRIP = NO;
				ENABLE_STRICT_OBJC_MSGSEND = YES;
				GCC_C_LANGUAGE_STANDARD = gnu99;
				GCC_DYNAMIC_NO_PIC = NO;
				GCC_OPTIMIZATION_LEVEL = 0;
				GCC_PREPROCESSOR_DEFINITIONS = (
					"DEBUG=1",
					"$(inherited)",
				);
				GCC_SYMBOLS_PRIVATE_EXTERN = NO;
				GCC_WARN_64_TO_32_BIT_CONVERSION = YES;
				GCC_WARN_ABOUT_RETURN_TYPE = YES_ERROR;
				GCC_WARN_UNDECLARED_SELECTOR = YES;
				GCC_WARN_UNINITIALIZED_AUTOS = YES_AGGRESSIVE;
				GCC_WARN_UNUSED_FUNCTION = YES;
				GCC_WARN_UNUSED_VARIABLE = YES;
				IPHONEOS_DEPLOYMENT_TARGET = 8.1;
				MTL_ENABLE_DEBUG_INFO = YES;
				ONLY_ACTIVE_ARCH = YES;
				SDKROOT = iphoneos;
			};
			name = Debug;
		};
		4F9E912B1A7DA2EA0044962D /* Release */ = {
			isa = XCBuildConfiguration;
			buildSettings = {
				ALWAYS_SEARCH_USER_PATHS = NO;
				CLANG_CXX_LANGUAGE_STANDARD = "gnu++0x";
				CLANG_CXX_LIBRARY = "libc++";
				CLANG_ENABLE_MODULES = YES;
				CLANG_ENABLE_OBJC_ARC = YES;
				CLANG_WARN_BOOL_CONVERSION = YES;
				CLANG_WARN_CONSTANT_CONVERSION = YES;
				CLANG_WARN_DIRECT_OBJC_ISA_USAGE = YES_ERROR;
				CLANG_WARN_EMPTY_BODY = YES;
				CLANG_WARN_ENUM_CONVERSION = YES;
				CLANG_WARN_INT_CONVERSION = YES;
				CLANG_WARN_OBJC_ROOT_CLASS = YES_ERROR;
				CLANG_WARN_UNREACHABLE_CODE = YES;
				CLANG_WARN__DUPLICATE_METHOD_MATCH = YES;
				"CODE_SIGN_IDENTITY[sdk=iphoneos*]" = "iPhone Developer";
				COPY_PHASE_STRIP = YES;
				ENABLE_NS_ASSERTIONS = NO;
				ENABLE_STRICT_OBJC_MSGSEND = YES;
				GCC_C_LANGUAGE_STANDARD = gnu99;
				GCC_WARN_64_TO_32_BIT_CONVERSION = YES;
				GCC_WARN_ABOUT_RETURN_TYPE = YES_ERROR;
				GCC_WARN_UNDECLARED_SELECTOR = YES;
				GCC_WARN_UNINITIALIZED_AUTOS = YES_AGGRESSIVE;
				GCC_WARN_UNUSED_FUNCTION = YES;
				GCC_WARN_UNUSED_VARIABLE = YES;
				IPHONEOS_DEPLOYMENT_TARGET = 8.1;
				MTL_ENABLE_DEBUG_INFO = NO;
				SDKROOT = iphoneos;
				VALIDATE_PRODUCT = YES;
			};
			name = Release;
		};
		4F9E912D1A7DA2EA0044962D /* Debug */ = {
			isa = XCBuildConfiguration;
			buildSettings = {
				ASSETCATALOG_COMPILER_APPICON_NAME = AppIcon;
				INFOPLIST_FILE = ImmuniFence/Info.plist;
				LD_RUNPATH_SEARCH_PATHS = "$(inherited) @executable_path/Frameworks";
				PRODUCT_NAME = ImmuniFense;
				TARGETED_DEVICE_FAMILY = 1;
			};
			name = Debug;
		};
		4F9E912E1A7DA2EA0044962D /* Release */ = {
			isa = XCBuildConfiguration;
			buildSettings = {
				ASSETCATALOG_COMPILER_APPICON_NAME = AppIcon;
				INFOPLIST_FILE = ImmuniFence/Info.plist;
				LD_RUNPATH_SEARCH_PATHS = "$(inherited) @executable_path/Frameworks";
				PRODUCT_NAME = ImmuniFense;
				TARGETED_DEVICE_FAMILY = 1;
			};
			name = Release;
		};
		4F9E91301A7DA2EA0044962D /* Debug */ = {
			isa = XCBuildConfiguration;
			buildSettings = {
				BUNDLE_LOADER = "$(TEST_HOST)";
				FRAMEWORK_SEARCH_PATHS = (
					"$(SDKROOT)/Developer/Library/Frameworks",
					"$(inherited)",
				);
				GCC_PREPROCESSOR_DEFINITIONS = (
					"DEBUG=1",
					"$(inherited)",
				);
				INFOPLIST_FILE = ImmuniFenceTests/Info.plist;
				LD_RUNPATH_SEARCH_PATHS = "$(inherited) @executable_path/Frameworks @loader_path/Frameworks";
				PRODUCT_NAME = ImmuniFenseTests;
				TEST_HOST = "$(BUILT_PRODUCTS_DIR)/ImmuniFense.app/ImmuniFense";
			};
			name = Debug;
		};
		4F9E91311A7DA2EA0044962D /* Release */ = {
			isa = XCBuildConfiguration;
			buildSettings = {
				BUNDLE_LOADER = "$(TEST_HOST)";
				FRAMEWORK_SEARCH_PATHS = (
					"$(SDKROOT)/Developer/Library/Frameworks",
					"$(inherited)",
				);
				INFOPLIST_FILE = ImmuniFenceTests/Info.plist;
				LD_RUNPATH_SEARCH_PATHS = "$(inherited) @executable_path/Frameworks @loader_path/Frameworks";
				PRODUCT_NAME = ImmuniFenseTests;
				TEST_HOST = "$(BUILT_PRODUCTS_DIR)/ImmuniFense.app/ImmuniFense";
			};
			name = Release;
		};
/* End XCBuildConfiguration section */

/* Begin XCConfigurationList section */
		4F9E91041A7DA2EA0044962D /* Build configuration list for PBXProject "ImmuniFense" */ = {
			isa = XCConfigurationList;
			buildConfigurations = (
				4F9E912A1A7DA2EA0044962D /* Debug */,
				4F9E912B1A7DA2EA0044962D /* Release */,
			);
			defaultConfigurationIsVisible = 0;
			defaultConfigurationName = Release;
		};
		4F9E912C1A7DA2EA0044962D /* Build configuration list for PBXNativeTarget "ImmuniFense" */ = {
			isa = XCConfigurationList;
			buildConfigurations = (
				4F9E912D1A7DA2EA0044962D /* Debug */,
				4F9E912E1A7DA2EA0044962D /* Release */,
			);
			defaultConfigurationIsVisible = 0;
			defaultConfigurationName = Release;
		};
		4F9E912F1A7DA2EA0044962D /* Build configuration list for PBXNativeTarget "ImmuniFenseTests" */ = {
			isa = XCConfigurationList;
			buildConfigurations = (
				4F9E91301A7DA2EA0044962D /* Debug */,
				4F9E91311A7DA2EA0044962D /* Release */,
			);
			defaultConfigurationIsVisible = 0;
			defaultConfigurationName = Release;
		};
/* End XCConfigurationList section */
	};
	rootObject = 4F9E91011A7DA2EA0044962D /* Project object */;
}
